
Microsoft Visual Studio Solution File, Format Version 12.00
# Visual Studio Version 16
VisualStudioVersion = 16.0.30907.101
MinimumVisualStudioVersion = 10.0.40219.1
Project("{FAE04EC0-301F-11D3-BF4B-00C04F79EFBC}") = "assignment 12 fast food order system", "assignment 12 fast food order system\assignment 12 fast food order system.csproj", "{0010401B-6336-4878-90CB-D47BAA978E11}"
EndProject
Global
	GlobalSection(SolutionConfigurationPlatforms) = preSolution
		Debug|Any CPU = Debug|Any CPU
		Release|Any CPU = Release|Any CPU
	EndGlobalSection
	GlobalSection(ProjectConfigurationPlatforms) = postSolution
		{0010401B-6336-4878-90CB-D47BAA978E11}.Debug|Any CPU.ActiveCfg = Debug|Any CPU
		{0010401B-6336-4878-90CB-D47BAA978E11}.Debug|Any CPU.Build.0 = Debug|Any CPU
		{0010401B-6336-4878-90CB-D47BAA978E11}.Release|Any CPU.ActiveCfg = Release|Any CPU
		{0010401B-6336-4878-90CB-D47BAA978E11}.Release|Any CPU.Build.0 = Release|Any CPU
	EndGlobalSection
	GlobalSection(SolutionProperties) = preSolution
		HideSolutionNode = FALSE
	EndGlobalSection
	GlobalSection(ExtensibilityGlobals) = postSolution
		SolutionGuid = {6F666369-6E98-4DBA-8943-8CCDD28237C6}
	EndGlobalSection
EndGlobal
